
Microsoft Visual Studio Solution File, Format Version 12.00
# Visual Studio Version 16
VisualStudioVersion = 16.0.30114.105
MinimumVisualStudioVersion = 10.0.40219.1
Project("{FAE04EC0-301F-11D3-BF4B-00C04F79EFBC}") = "Reservar.com", "Reservar.com\Reservar.com.csproj", "{131B0DF3-05C9-4EC6-8B0D-A08264C48DCB}"
EndProject
Global
	GlobalSection(SolutionConfigurationPlatforms) = preSolution
		Debug|Any CPU = Debug|Any CPU
		Release|Any CPU = Release|Any CPU
	EndGlobalSection
	GlobalSection(ProjectConfigurationPlatforms) = postSolution
		{131B0DF3-05C9-4EC6-8B0D-A08264C48DCB}.Debug|Any CPU.ActiveCfg = Debug|Any CPU
		{131B0DF3-05C9-4EC6-8B0D-A08264C48DCB}.Debug|Any CPU.Build.0 = Debug|Any CPU
		{131B0DF3-05C9-4EC6-8B0D-A08264C48DCB}.Release|Any CPU.ActiveCfg = Release|Any CPU
		{131B0DF3-05C9-4EC6-8B0D-A08264C48DCB}.Release|Any CPU.Build.0 = Release|Any CPU
	EndGlobalSection
	GlobalSection(SolutionProperties) = preSolution
		HideSolutionNode = FALSE
	EndGlobalSection
	GlobalSection(ExtensibilityGlobals) = postSolution
		SolutionGuid = {15F68E62-E91D-4F94-A7FE-1835D64DBE8F}
	EndGlobalSection
EndGlobal
